<?xml version="1.0" encoding="utf-8"?>
<Project ToolsVersion="4.0" xmlns="http://schemas.microsoft.com/developer/msbuild/2003">
  <ItemGroup>
    <Filter Include="Source Files">
      <UniqueIdentifier>{4FC737F1-C7A5-4376-A066-2A32D752A2FF}</UniqueIdentifier>
      <Extensions>cpp;c;cc;cxx;def;odl;idl;hpj;bat;asm;asmx</Extensions>
    </Filter>
    <Filter Include="Header Files">
      <UniqueIdentifier>{93995380-89BD-4b04-88EB-625FBE52EBFB}</UniqueIdentifier>
      <Extensions>h;hh;hpp;hxx;hm;inl;inc;xsd</Extensions>
    </Filter>
    <Filter Include="Resource Files">
      <UniqueIdentifier>{67DA6AB6-F800-4c08-8B7A-83BB121AAD01}</UniqueIdentifier>
      <Extensions>rc;ico;cur;bmp;dlg;rc2;rct;bin;rgs;gif;jpg;jpeg;jpe;resx;tiff;tif;png;wav;mfcribbon-ms</Extensions>
    </Filter>
    <Filter Include="Source Files\Engine">
      <UniqueIdentifier>{c3acf990-6983-4e2d-a99b-8c79540ac15d}</UniqueIdentifier>
    </Filter>
    <Filter Include="Header Files\Engine">
      <UniqueIdentifier>{06d35db0-dd37-44da-bbef-16e304cfcb63}</UniqueIdentifier>
    </Filter>
    <Filter Include="Header Files\Game">
      <UniqueIdentifier>{69c12dd1-18ec-4765-ba75-886856ceb841}</UniqueIdentifier>
    </Filter>
    <Filter Include="Source Files\Game">
      <UniqueIdentifier>{43ad5011-074e-40ff-9142-b5ac51cd6baa}</UniqueIdentifier>
    </Filter>
    <Filter Include="Header Files\Library">
      <UniqueIdentifier>{7e626d7e-f9d6-4e5d-a431-a83138c9f62c}</UniqueIdentifier>
    </Filter>
    <Filter Include="Source Files\Library">
      <UniqueIdentifier>{9e1f6a36-08f8-4401-a458-1c6c1d0e3acf}</UniqueIdentifier>
    </Filter>
    <Filter Include="Assets">
      <UniqueIdentifier>{0c2d1105-8e58-41cf-a834-2b9b427e24fb}</UniqueIdentifier>
    </Filter>
    <Filter Include="Assets\Shaders">
      <UniqueIdentifier>{e08fcb86-e875-4818-84c4-39819f1c1433}</UniqueIdentifier>
    </Filter>
    <Filter Include="Source Files\Engine\Shadowing">
      <UniqueIdentifier>{b7a596d5-2a28-4aa9-a85c-44ab041c1d21}</UniqueIdentifier>
    </Filter>
    <Filter Include="Header Files\Engine\Shadowing">
      <UniqueIdentifier>{200293d5-f40e-4a9d-8695-1ccd5fc6ce81}</UniqueIdentifier>
    </Filter>
  </ItemGroup>
  <ItemGroup>
    <ClCompile Include="src\Engine\ThempD3D.cpp">
      <Filter>Source Files\Engine</Filter>
    </ClCompile>
    <ClCompile Include="src\Game\ThempGame.cpp">
      <Filter>Source Files\Game</Filter>
    </ClCompile>
    <ClCompile Include="src\Engine\ThempResources.cpp">
      <Filter>Source Files\Engine</Filter>
    </ClCompile>
    <ClCompile Include="src\Engine\ThempObject3D.cpp">
      <Filter>Source Files\Engine</Filter>
    </ClCompile>
    <ClCompile Include="src\Engine\ThempMaterial.cpp">
      <Filter>Source Files\Engine</Filter>
    </ClCompile>
    <ClCompile Include="src\Engine\ThempMesh.cpp">
      <Filter>Source Files\Engine</Filter>
    </ClCompile>
    <ClCompile Include="src\Engine\ThempRenderTexture.cpp">
      <Filter>Source Files\Engine</Filter>
    </ClCompile>
    <ClCompile Include="src\Engine\ThempSystem.cpp">
      <Filter>Source Files\Engine</Filter>
    </ClCompile>
    <ClCompile Include="src\Library\imgui.cpp">
      <Filter>Source Files\Library</Filter>
    </ClCompile>
    <ClCompile Include="src\Library\imgui_demo.cpp">
      <Filter>Source Files\Library</Filter>
    </ClCompile>
    <ClCompile Include="src\Library\imgui_draw.cpp">
      <Filter>Source Files\Library</Filter>
    </ClCompile>
    <ClCompile Include="src\Engine\ThempGUI.cpp">
      <Filter>Source Files\Engine</Filter>
    </ClCompile>
    <ClCompile Include="src\Engine\ThempCamera.cpp">
      <Filter>Source Files\Engine</Filter>
    </ClCompile>
    <ClCompile Include="src\Engine\Shadowing\ThempShadow.cpp">
      <Filter>Source Files\Engine\Shadowing</Filter>
    </ClCompile>
    <ClCompile Include="src\Engine\Shadowing\ThempShadowCascade.cpp">
      <Filter>Source Files\Engine\Shadowing</Filter>
    </ClCompile>
    <ClCompile Include="src\Engine\Shadowing\ThempShadowPCF.cpp">
      <Filter>Source Files\Engine\Shadowing</Filter>
    </ClCompile>
    <ClCompile Include="src\Engine\Shadowing\ThempShadowMoment.cpp">
      <Filter>Source Files\Engine\Shadowing</Filter>
    </ClCompile>
    <ClCompile Include="src\Engine\Shadowing\ThempShadowVariance.cpp">
      <Filter>Source Files\Engine\Shadowing</Filter>
    </ClCompile>
    <ClCompile Include="src\Engine\Shadowing\ThempShadowUnfiltered.cpp">
      <Filter>Source Files\Engine\Shadowing</Filter>
    </ClCompile>
    <ClCompile Include="src\Engine\ThempShadowAtlas.cpp">
      <Filter>Source Files\Engine</Filter>
    </ClCompile>
  </ItemGroup>
  <ItemGroup>
    <ClInclude Include="src\Engine\ThempD3D.h">
      <Filter>Header Files\Engine</Filter>
    </ClInclude>
    <ClInclude Include="src\Game\ThempGame.h">
      <Filter>Header Files\Game</Filter>
    </ClInclude>
    <ClInclude Include="src\Engine\ThempResources.h">
      <Filter>Header Files\Engine</Filter>
    </ClInclude>
    <ClInclude Include="src\Engine\ThempObject3D.h">
      <Filter>Header Files\Engine</Filter>
    </ClInclude>
    <ClInclude Include="src\Engine\ThempMaterial.h">
      <Filter>Header Files\Engine</Filter>
    </ClInclude>
    <ClInclude Include="src\Engine\ThempMesh.h">
      <Filter>Header Files\Engine</Filter>
    </ClInclude>
    <ClInclude Include="src\Engine\ThempRenderTexture.h">
      <Filter>Header Files\Engine</Filter>
    </ClInclude>
    <ClInclude Include="src\Engine\ThempSystem.h">
      <Filter>Header Files\Engine</Filter>
    </ClInclude>
    <ClInclude Include="src\Library\imconfig.h">
      <Filter>Header Files\Library</Filter>
    </ClInclude>
    <ClInclude Include="src\Library\imgui.h">
      <Filter>Header Files\Library</Filter>
    </ClInclude>
    <ClInclude Include="src\Library\imgui_internal.h">
      <Filter>Header Files\Library</Filter>
    </ClInclude>
    <ClInclude Include="src\Library\stb_rect_pack.h">
      <Filter>Header Files\Library</Filter>
    </ClInclude>
    <ClInclude Include="src\Library\stb_textedit.h">
      <Filter>Header Files\Library</Filter>
    </ClInclude>
    <ClInclude Include="src\Library\stb_truetype.h">
      <Filter>Header Files\Library</Filter>
    </ClInclude>
    <ClInclude Include="src\Engine\ThempGUI.h">
      <Filter>Header Files\Engine</Filter>
    </ClInclude>
    <ClInclude Include="src\Engine\ThempCamera.h">
      <Filter>Header Files\Engine</Filter>
    </ClInclude>
    <ClInclude Include="src\Engine\Shadowing\ThempShadow.h">
      <Filter>Header Files\Engine\Shadowing</Filter>
    </ClInclude>
    <ClInclude Include="src\Engine\Shadowing\ThempShadowCascade.h">
      <Filter>Header Files\Engine\Shadowing</Filter>
    </ClInclude>
    <ClInclude Include="src\Engine\Shadowing\ThempShadowPCF.h">
      <Filter>Header Files\Engine\Shadowing</Filter>
    </ClInclude>
    <ClInclude Include="src\Engine\Shadowing\ThempShadowMoment.h">
      <Filter>Header Files\Engine\Shadowing</Filter>
    </ClInclude>
    <ClInclude Include="src\Engine\Shadowing\ThempShadowVariance.h">
      <Filter>Header Files\Engine\Shadowing</Filter>
    </ClInclude>
    <ClInclude Include="src\Engine\Shadowing\ThempShadowUnfiltered.h">
      <Filter>Header Files\Engine\Shadowing</Filter>
    </ClInclude>
    <ClInclude Include="src\Engine\ThempShadowAtlas.h">
      <Filter>Header Files\Engine</Filter>
    </ClInclude>
  </ItemGroup>
  <ItemGroup>
    <FxCompile Include="resources\shaders\Deferred_ps.hlsl">
      <Filter>Assets\Shaders</Filter>
    </FxCompile>
    <FxCompile Include="resources\shaders\Deferred_vs.hlsl">
      <Filter>Assets\Shaders</Filter>
    </FxCompile>
    <FxCompile Include="resources\shaders\DeferredShadow_ps.hlsl">
      <Filter>Assets\Shaders</Filter>
    </FxCompile>
    <FxCompile Include="resources\shaders\DeferredShadow_vs.hlsl">
      <Filter>Assets\Shaders</Filter>
    </FxCompile>
    <FxCompile Include="resources\shaders\DeferredShadow_gs.hlsl">
      <Filter>Assets\Shaders</Filter>
    </FxCompile>
    <FxCompile Include="resources\shaders\GUI_ps.hlsl">
      <Filter>Assets\Shaders</Filter>
    </FxCompile>
    <FxCompile Include="resources\shaders\GUI_vs.hlsl">
      <Filter>Assets\Shaders</Filter>
    </FxCompile>
    <FxCompile Include="resources\shaders\ScreenSpace_ps.hlsl">
      <Filter>Assets\Shaders</Filter>
    </FxCompile>
    <FxCompile Include="resources\shaders\ScreenSpace_vs.hlsl">
      <Filter>Assets\Shaders</Filter>
    </FxCompile>
    <FxCompile Include="resources\shaders\default_gs.hlsl">
      <Filter>Assets\Shaders</Filter>
    </FxCompile>
    <FxCompile Include="resources\shaders\default_ps.hlsl">
      <Filter>Assets\Shaders</Filter>
    </FxCompile>
    <FxCompile Include="resources\shaders\default_vs.hlsl">
      <Filter>Assets\Shaders</Filter>
    </FxCompile>
    <FxCompile Include="resources\shaders\Skybox_ps.hlsl">
      <Filter>Assets\Shaders</Filter>
    </FxCompile>
    <FxCompile Include="resources\shaders\Skybox_vs.hlsl">
      <Filter>Assets\Shaders</Filter>
    </FxCompile>
    <FxCompile Include="resources\shaders\DeferredShadowFallback_ps.hlsl">
      <Filter>Assets\Shaders</Filter>
    </FxCompile>
    <FxCompile Include="resources\shaders\DeferredShadowFallback_vs.hlsl">
      <Filter>Assets\Shaders</Filter>
    </FxCompile>
    <FxCompile Include="resources\shaders\DeferredLightingCascade_ps.hlsl">
      <Filter>Assets\Shaders</Filter>
    </FxCompile>
    <FxCompile Include="resources\shaders\DeferredLightingCascade_vs.hlsl">
      <Filter>Assets\Shaders</Filter>
    </FxCompile>
    <FxCompile Include="resources\shaders\DeferredLightingMoment_ps.hlsl">
      <Filter>Assets\Shaders</Filter>
    </FxCompile>
    <FxCompile Include="resources\shaders\DeferredLightingMoment_vs.hlsl">
      <Filter>Assets\Shaders</Filter>
    </FxCompile>
    <FxCompile Include="resources\shaders\DeferredLightingPCF_ps.hlsl">
      <Filter>Assets\Shaders</Filter>
    </FxCompile>
    <FxCompile Include="resources\shaders\DeferredLightingPCF_vs.hlsl">
      <Filter>Assets\Shaders</Filter>
    </FxCompile>
    <FxCompile Include="resources\shaders\DeferredLightingVariance_ps.hlsl">
      <Filter>Assets\Shaders</Filter>
    </FxCompile>
    <FxCompile Include="resources\shaders\DeferredLightingVariance_vs.hlsl">
      <Filter>Assets\Shaders</Filter>
    </FxCompile>
    <FxCompile Include="resources\shaders\PostProcess_ps.hlsl">
      <Filter>Assets\Shaders</Filter>
    </FxCompile>
    <FxCompile Include="resources\shaders\PostProcess_vs.hlsl">
      <Filter>Assets\Shaders</Filter>
    </FxCompile>
    <FxCompile Include="resources\shaders\DeferredShadowCascade_ps.hlsl">
      <Filter>Assets\Shaders</Filter>
    </FxCompile>
    <FxCompile Include="resources\shaders\DeferredShadowCascade_vs.hlsl">
      <Filter>Assets\Shaders</Filter>
    </FxCompile>
    <FxCompile Include="resources\shaders\DeferredShadowCascade_gs.hlsl">
      <Filter>Assets\Shaders</Filter>
    </FxCompile>
  </ItemGroup>
  <ItemGroup>
    <None Include="resources\shaders\Defines.hlsl">
      <Filter>Assets\Shaders</Filter>
    </None>
  </ItemGroup>
</Project>