
Microsoft Visual Studio Solution File, Format Version 12.00
# Visual Studio 17
VisualStudioVersion = 15.0.27004.2010
MinimumVisualStudioVersion = 10.0.40219.1
Project("{8BC9CEB8-8B4A-11D0-8D11-00A0C91BC942}") = "ThempX11", "ThempX11.vcxproj", "{84DFB69D-0CD4-4DC2-B38A-CBB55F1B6860}"
	ProjectSection(ProjectDependencies) = postProject
		{7BE6AD31-1C6B-4B3F-9E34-D08C8DF44B60} = {7BE6AD31-1C6B-4B3F-9E34-D08C8DF44B60}
		{9FD80C97-ADE0-45AF-8632-9671A9580B9F} = {9FD80C97-ADE0-45AF-8632-9671A9580B9F}
	EndProjectSection
EndProject
Project("{8BC9CEB8-8B4A-11D0-8D11-00A0C91BC942}") = "ThempModelParser", "..\ThempModelParser\ThempModelParser\ThempModelParser.vcxproj", "{9FD80C97-ADE0-45AF-8632-9671A9580B9F}"
EndProject
Project("{8BC9CEB8-8B4A-11D0-8D11-00A0C91BC942}") = "ThempImageParser", "..\ThempImageParser\ThempImageParser\ThempImageParser.vcxproj", "{7BE6AD31-1C6B-4B3F-9E34-D08C8DF44B60}"
EndProject
Global
	GlobalSection(SolutionConfigurationPlatforms) = preSolution
		Debug|x64 = Debug|x64
		Debug|x86 = Debug|x86
		Release|x64 = Release|x64
		Release|x86 = Release|x86
	EndGlobalSection
	GlobalSection(ProjectConfigurationPlatforms) = postSolution
		{84DFB69D-0CD4-4DC2-B38A-CBB55F1B6860}.Debug|x64.ActiveCfg = Debug|x64
		{84DFB69D-0CD4-4DC2-B38A-CBB55F1B6860}.Debug|x64.Build.0 = Debug|x64
		{84DFB69D-0CD4-4DC2-B38A-CBB55F1B6860}.Debug|x86.ActiveCfg = Debug|x64
		{84DFB69D-0CD4-4DC2-B38A-CBB55F1B6860}.Debug|x86.Build.0 = Debug|x64
		{84DFB69D-0CD4-4DC2-B38A-CBB55F1B6860}.Release|x64.ActiveCfg = Release|x64
		{84DFB69D-0CD4-4DC2-B38A-CBB55F1B6860}.Release|x64.Build.0 = Release|x64
		{84DFB69D-0CD4-4DC2-B38A-CBB55F1B6860}.Release|x86.ActiveCfg = Release|x64
		{9FD80C97-ADE0-45AF-8632-9671A9580B9F}.Debug|x64.ActiveCfg = Release|x64
		{9FD80C97-ADE0-45AF-8632-9671A9580B9F}.Debug|x64.Build.0 = Release|x64
		{9FD80C97-ADE0-45AF-8632-9671A9580B9F}.Debug|x86.ActiveCfg = Debug|Win32
		{9FD80C97-ADE0-45AF-8632-9671A9580B9F}.Debug|x86.Build.0 = Debug|Win32
		{9FD80C97-ADE0-45AF-8632-9671A9580B9F}.Release|x64.ActiveCfg = Release|x64
		{9FD80C97-ADE0-45AF-8632-9671A9580B9F}.Release|x64.Build.0 = Release|x64
		{9FD80C97-ADE0-45AF-8632-9671A9580B9F}.Release|x86.ActiveCfg = Release|Win32
		{9FD80C97-ADE0-45AF-8632-9671A9580B9F}.Release|x86.Build.0 = Release|Win32
		{7BE6AD31-1C6B-4B3F-9E34-D08C8DF44B60}.Debug|x64.ActiveCfg = Release|x64
		{7BE6AD31-1C6B-4B3F-9E34-D08C8DF44B60}.Debug|x64.Build.0 = Release|x64
		{7BE6AD31-1C6B-4B3F-9E34-D08C8DF44B60}.Debug|x86.ActiveCfg = Debug|Win32
		{7BE6AD31-1C6B-4B3F-9E34-D08C8DF44B60}.Debug|x86.Build.0 = Debug|Win32
		{7BE6AD31-1C6B-4B3F-9E34-D08C8DF44B60}.Release|x64.ActiveCfg = Release|x64
		{7BE6AD31-1C6B-4B3F-9E34-D08C8DF44B60}.Release|x64.Build.0 = Release|x64
		{7BE6AD31-1C6B-4B3F-9E34-D08C8DF44B60}.Release|x86.ActiveCfg = Release|Win32
		{7BE6AD31-1C6B-4B3F-9E34-D08C8DF44B60}.Release|x86.Build.0 = Release|Win32
	EndGlobalSection
	GlobalSection(SolutionProperties) = preSolution
		HideSolutionNode = FALSE
	EndGlobalSection
	GlobalSection(ExtensibilityGlobals) = postSolution
		SolutionGuid = {48F267D1-024D-433A-9D0F-0FF07780CF8B}
	EndGlobalSection
EndGlobal
